// !$*UTF8*$!
{
	archiveVersion = 1;
	classes = {
	};
	objectVersion = 46;
	objects = {

/* Begin PBXBuildFile section */
		E911731F186CA71D006351AA /* DSAppSkinner.m in Sources */ = {isa = PBXBuildFile; fileRef = E911731E186CA71D006351AA /* DSAppSkinner.m */; };
		E9117321186CA7EF006351AA /* DSNewGameViewController.xib in Resources */ = {isa = PBXBuildFile; fileRef = E9117320186CA7EF006351AA /* DSNewGameViewController.xib */; };
		E9117328186CA80B006351AA /* spotlight-icon@2x.png in Resources */ = {isa = PBXBuildFile; fileRef = E9117322186CA80B006351AA /* spotlight-icon@2x.png */; };
		E9117329186CA80B006351AA /* spotlight-icon.png in Resources */ = {isa = PBXBuildFile; fileRef = E9117323186CA80B006351AA /* spotlight-icon.png */; };
		E911732A186CA80B006351AA /* settings-icon@2x.png in Resources */ = {isa = PBXBuildFile; fileRef = E9117324186CA80B006351AA /* settings-icon@2x.png */; };
		E911732B186CA80B006351AA /* settings-icon.png in Resources */ = {isa = PBXBuildFile; fileRef = E9117325186CA80B006351AA /* settings-icon.png */; };
		E911732C186CA80B006351AA /* Icon-76@2x.png in Resources */ = {isa = PBXBuildFile; fileRef = E9117326186CA80B006351AA /* Icon-76@2x.png */; };
		E911732D186CA80B006351AA /* icon-76.png in Resources */ = {isa = PBXBuildFile; fileRef = E9117327186CA80B006351AA /* icon-76.png */; };
		E92C414B18495949001CA645 /* DSPlayerScoreValueTableViewCell.m in Sources */ = {isa = PBXBuildFile; fileRef = E92C414A18495949001CA645 /* DSPlayerScoreValueTableViewCell.m */; };
		E92C414D18495965001CA645 /* DSPlayerScoreValueTableViewCell.xib in Resources */ = {isa = PBXBuildFile; fileRef = E92C414C18495965001CA645 /* DSPlayerScoreValueTableViewCell.xib */; };
		E949B7651851837B003CD01C /* DSGameActionTableViewController.m in Sources */ = {isa = PBXBuildFile; fileRef = E949B7631851837B003CD01C /* DSGameActionTableViewController.m */; };
		E949B7661851837B003CD01C /* DSGameActionTableViewController.xib in Resources */ = {isa = PBXBuildFile; fileRef = E949B7641851837B003CD01C /* DSGameActionTableViewController.xib */; };
		E949B76A185183BE003CD01C /* DSGameActionItemViewController.m in Sources */ = {isa = PBXBuildFile; fileRef = E949B768185183BE003CD01C /* DSGameActionItemViewController.m */; };
		E949B76B185183BE003CD01C /* DSGameActionItemViewController.xib in Resources */ = {isa = PBXBuildFile; fileRef = E949B769185183BE003CD01C /* DSGameActionItemViewController.xib */; };
		E95303681876650E00F30AC8 /* DSAppSkinnerViewController.m in Sources */ = {isa = PBXBuildFile; fileRef = E95303661876650E00F30AC8 /* DSAppSkinnerViewController.m */; };
		E95303691876650E00F30AC8 /* DSAppSkinnerViewController.xib in Resources */ = {isa = PBXBuildFile; fileRef = E95303671876650E00F30AC8 /* DSAppSkinnerViewController.xib */; };
		E953039E187676F500F30AC8 /* UIColor+NEOColor.m in Sources */ = {isa = PBXBuildFile; fileRef = E953038B187676F500F30AC8 /* UIColor+NEOColor.m */; };
		E953039F187676F500F30AC8 /* NEOColorPickerViewController.xib in Resources */ = {isa = PBXBuildFile; fileRef = E953038D187676F500F30AC8 /* NEOColorPickerViewController.xib */; };
		E95303A0187676F500F30AC8 /* NEOColorPickerViewController.m in Sources */ = {isa = PBXBuildFile; fileRef = E953038E187676F500F30AC8 /* NEOColorPickerViewController.m */; };
		E95303A1187676F500F30AC8 /* NEOColorPickerHueGridViewController.xib in Resources */ = {isa = PBXBuildFile; fileRef = E9530390187676F500F30AC8 /* NEOColorPickerHueGridViewController.xib */; };
		E95303A2187676F500F30AC8 /* NEOColorPickerHueGridViewController.m in Sources */ = {isa = PBXBuildFile; fileRef = E9530391187676F500F30AC8 /* NEOColorPickerHueGridViewController.m */; };
		E95303A3187676F500F30AC8 /* NEOColorPickerHSLViewController.xib in Resources */ = {isa = PBXBuildFile; fileRef = E9530393187676F500F30AC8 /* NEOColorPickerHSLViewController.xib */; };
		E95303A4187676F500F30AC8 /* NEOColorPickerHSLViewController.m in Sources */ = {isa = PBXBuildFile; fileRef = E9530394187676F500F30AC8 /* NEOColorPickerHSLViewController.m */; };
		E95303A5187676F500F30AC8 /* NEOColorPickerGradientView.m in Sources */ = {isa = PBXBuildFile; fileRef = E9530396187676F500F30AC8 /* NEOColorPickerGradientView.m */; };
		E95303A6187676F500F30AC8 /* NEOColorPickerFavoritesViewController.xib in Resources */ = {isa = PBXBuildFile; fileRef = E9530398187676F500F30AC8 /* NEOColorPickerFavoritesViewController.xib */; };
		E95303A7187676F500F30AC8 /* NEOColorPickerFavoritesViewController.m in Sources */ = {isa = PBXBuildFile; fileRef = E9530399187676F500F30AC8 /* NEOColorPickerFavoritesViewController.m */; };
		E95303A8187676F500F30AC8 /* NEOColorPickerBaseViewController.m in Sources */ = {isa = PBXBuildFile; fileRef = E953039B187676F500F30AC8 /* NEOColorPickerBaseViewController.m */; };
		E95303A9187676F500F30AC8 /* colorPicker.bundle in Resources */ = {isa = PBXBuildFile; fileRef = E953039D187676F500F30AC8 /* colorPicker.bundle */; };
		E9541FBA187CEC8F006AF072 /* DSAssetGenerator.m in Sources */ = {isa = PBXBuildFile; fileRef = E9541FB9187CEC8F006AF072 /* DSAssetGenerator.m */; };
		E96CF999185007DC00032DFF /* DSScoreCollectionView.xib in Resources */ = {isa = PBXBuildFile; fileRef = E96CF998185007DC00032DFF /* DSScoreCollectionView.xib */; };
		E96CF9B11850322E00032DFF /* DSScoreCollectionView.m in Sources */ = {isa = PBXBuildFile; fileRef = E96CF9AF1850322E00032DFF /* DSScoreCollectionView.m */; };
		E96CF9B31850326800032DFF /* DSScoreCollectionViewLandscape.xib in Resources */ = {isa = PBXBuildFile; fileRef = E96CF9B21850326800032DFF /* DSScoreCollectionViewLandscape.xib */; };
		E98D954318494A0900A02273 /* DSNewGameViewController.m in Sources */ = {isa = PBXBuildFile; fileRef = E98D954118494A0900A02273 /* DSNewGameViewController.m */; };
		E9A5CC23184BD49600619D7D /* DSNewPlayerCollectionViewCell.m in Sources */ = {isa = PBXBuildFile; fileRef = E9A5CC22184BD49600619D7D /* DSNewPlayerCollectionViewCell.m */; };
		E9A5CC25184BF08500619D7D /* DSNewPlayerCollectionViewCell.xib in Resources */ = {isa = PBXBuildFile; fileRef = E9A5CC24184BF08500619D7D /* DSNewPlayerCollectionViewCell.xib */; };
		E9C9D51918493E790085BC43 /* Foundation.framework in Frameworks */ = {isa = PBXBuildFile; fileRef = E9C9D51818493E790085BC43 /* Foundation.framework */; };
		E9C9D51B18493E790085BC43 /* CoreGraphics.framework in Frameworks */ = {isa = PBXBuildFile; fileRef = E9C9D51A18493E790085BC43 /* CoreGraphics.framework */; };
		E9C9D51D18493E790085BC43 /* UIKit.framework in Frameworks */ = {isa = PBXBuildFile; fileRef = E9C9D51C18493E790085BC43 /* UIKit.framework */; };
		E9C9D52318493E790085BC43 /* InfoPlist.strings in Resources */ = {isa = PBXBuildFile; fileRef = E9C9D52118493E790085BC43 /* InfoPlist.strings */; };
		E9C9D52518493E790085BC43 /* main.m in Sources */ = {isa = PBXBuildFile; fileRef = E9C9D52418493E790085BC43 /* main.m */; };
		E9C9D52918493E790085BC43 /* DSAppDelegate.m in Sources */ = {isa = PBXBuildFile; fileRef = E9C9D52818493E790085BC43 /* DSAppDelegate.m */; };
		E9C9D52C18493E790085BC43 /* Main_iPhone.storyboard in Resources */ = {isa = PBXBuildFile; fileRef = E9C9D52A18493E790085BC43 /* Main_iPhone.storyboard */; };
		E9C9D52F18493E790085BC43 /* Main_iPad.storyboard in Resources */ = {isa = PBXBuildFile; fileRef = E9C9D52D18493E790085BC43 /* Main_iPad.storyboard */; };
		E9C9D53418493E790085BC43 /* Images.xcassets in Resources */ = {isa = PBXBuildFile; fileRef = E9C9D53318493E790085BC43 /* Images.xcassets */; };
		E9C9D53B18493E790085BC43 /* XCTest.framework in Frameworks */ = {isa = PBXBuildFile; fileRef = E9C9D53A18493E790085BC43 /* XCTest.framework */; };
		E9C9D53C18493E790085BC43 /* Foundation.framework in Frameworks */ = {isa = PBXBuildFile; fileRef = E9C9D51818493E790085BC43 /* Foundation.framework */; };
		E9C9D53D18493E790085BC43 /* UIKit.framework in Frameworks */ = {isa = PBXBuildFile; fileRef = E9C9D51C18493E790085BC43 /* UIKit.framework */; };
		E9C9D54518493E790085BC43 /* InfoPlist.strings in Resources */ = {isa = PBXBuildFile; fileRef = E9C9D54318493E790085BC43 /* InfoPlist.strings */; };
		E9C9D54718493E790085BC43 /* DartScoreBoardTests.m in Sources */ = {isa = PBXBuildFile; fileRef = E9C9D54618493E790085BC43 /* DartScoreBoardTests.m */; };
		E9C9D553184941C60085BC43 /* DSScoreBoardCollectionViewController.m in Sources */ = {isa = PBXBuildFile; fileRef = E9C9D552184941C60085BC43 /* DSScoreBoardCollectionViewController.m */; };
		E9C9D557184942930085BC43 /* DSPlayer.m in Sources */ = {isa = PBXBuildFile; fileRef = E9C9D556184942930085BC43 /* DSPlayer.m */; };
		E9C9D55A1849429D0085BC43 /* DSGame.m in Sources */ = {isa = PBXBuildFile; fileRef = E9C9D5591849429D0085BC43 /* DSGame.m */; };
		E9C9D55D184944370085BC43 /* DSScoreBoardCollectionViewCell.m in Sources */ = {isa = PBXBuildFile; fileRef = E9C9D55C184944370085BC43 /* DSScoreBoardCollectionViewCell.m */; };
		E9C9D55F184944450085BC43 /* DSScoreBoardCollectionViewCell.xib in Resources */ = {isa = PBXBuildFile; fileRef = E9C9D55E184944450085BC43 /* DSScoreBoardCollectionViewCell.xib */; };
		E9ED53E1186BFDFA00AA39FE /* UIColor+HexSupport.m in Sources */ = {isa = PBXBuildFile; fileRef = E9ED53E0186BFDFA00AA39FE /* UIColor+HexSupport.m */; };
		ED378D2D184A4EC500B762A0 /* CricketScoreValueList.plist in Resources */ = {isa = PBXBuildFile; fileRef = ED378D2C184A4EC500B762A0 /* CricketScoreValueList.plist */; };
		EDF51051187CE1DF001CAF14 /* DSHelper.m in Sources */ = {isa = PBXBuildFile; fileRef = EDF51050187CE1DF001CAF14 /* DSHelper.m */; };
/* End PBXBuildFile section */

/* Begin PBXContainerItemProxy section */
		E9C9D53E18493E790085BC43 /* PBXContainerItemProxy */ = {
			isa = PBXContainerItemProxy;
			containerPortal = E9C9D50D18493E780085BC43 /* Project object */;
			proxyType = 1;
			remoteGlobalIDString = E9C9D51418493E790085BC43;
			remoteInfo = DartScoreBoard;
		};
/* End PBXContainerItemProxy section */

/* Begin PBXFileReference section */
		E911731D186CA71D006351AA /* DSAppSkinner.h */ = {isa = PBXFileReference; fileEncoding = 4; lastKnownFileType = sourcecode.c.h; name = DSAppSkinner.h; path = Utilities/DSAppSkinner.h; sourceTree = "<group>"; };
		E911731E186CA71D006351AA /* DSAppSkinner.m */ = {isa = PBXFileReference; fileEncoding = 4; lastKnownFileType = sourcecode.c.objc; name = DSAppSkinner.m; path = Utilities/DSAppSkinner.m; sourceTree = "<group>"; };
		E9117320186CA7EF006351AA /* DSNewGameViewController.xib */ = {isa = PBXFileReference; fileEncoding = 4; lastKnownFileType = file.xib; name = DSNewGameViewController.xib; path = NewGame/DSNewGameViewController.xib; sourceTree = "<group>"; };
		E9117322186CA80B006351AA /* spotlight-icon@2x.png */ = {isa = PBXFileReference; lastKnownFileType = image.png; name = "spotlight-icon@2x.png"; path = "Assets/Icon/spotlight-icon@2x.png"; sourceTree = "<group>"; };
		E9117323186CA80B006351AA /* spotlight-icon.png */ = {isa = PBXFileReference; lastKnownFileType = image.png; name = "spotlight-icon.png"; path = "Assets/Icon/spotlight-icon.png"; sourceTree = "<group>"; };
		E9117324186CA80B006351AA /* settings-icon@2x.png */ = {isa = PBXFileReference; lastKnownFileType = image.png; name = "settings-icon@2x.png"; path = "Assets/Icon/settings-icon@2x.png"; sourceTree = "<group>"; };
		E9117325186CA80B006351AA /* settings-icon.png */ = {isa = PBXFileReference; lastKnownFileType = image.png; name = "settings-icon.png"; path = "Assets/Icon/settings-icon.png"; sourceTree = "<group>"; };
		E9117326186CA80B006351AA /* Icon-76@2x.png */ = {isa = PBXFileReference; lastKnownFileType = image.png; name = "Icon-76@2x.png"; path = "Assets/Icon/Icon-76@2x.png"; sourceTree = "<group>"; };
		E9117327186CA80B006351AA /* icon-76.png */ = {isa = PBXFileReference; lastKnownFileType = image.png; name = "icon-76.png"; path = "Assets/Icon/icon-76.png"; sourceTree = "<group>"; };
		E92C414918495949001CA645 /* DSPlayerScoreValueTableViewCell.h */ = {isa = PBXFileReference; fileEncoding = 4; lastKnownFileType = sourcecode.c.h; name = DSPlayerScoreValueTableViewCell.h; path = ScoreBoard/DSPlayerScoreValueTableViewCell.h; sourceTree = "<group>"; };
		E92C414A18495949001CA645 /* DSPlayerScoreValueTableViewCell.m */ = {isa = PBXFileReference; fileEncoding = 4; lastKnownFileType = sourcecode.c.objc; name = DSPlayerScoreValueTableViewCell.m; path = ScoreBoard/DSPlayerScoreValueTableViewCell.m; sourceTree = "<group>"; };
		E92C414C18495965001CA645 /* DSPlayerScoreValueTableViewCell.xib */ = {isa = PBXFileReference; fileEncoding = 4; lastKnownFileType = file.xib; name = DSPlayerScoreValueTableViewCell.xib; path = ScoreBoard/DSPlayerScoreValueTableViewCell.xib; sourceTree = "<group>"; };
		E949B7621851837B003CD01C /* DSGameActionTableViewController.h */ = {isa = PBXFileReference; fileEncoding = 4; lastKnownFileType = sourcecode.c.h; name = DSGameActionTableViewController.h; path = GameActionMenu/DSGameActionTableViewController.h; sourceTree = "<group>"; };
		E949B7631851837B003CD01C /* DSGameActionTableViewController.m */ = {isa = PBXFileReference; fileEncoding = 4; lastKnownFileType = sourcecode.c.objc; name = DSGameActionTableViewController.m; path = GameActionMenu/DSGameActionTableViewController.m; sourceTree = "<group>"; };
		E949B7641851837B003CD01C /* DSGameActionTableViewController.xib */ = {isa = PBXFileReference; fileEncoding = 4; lastKnownFileType = file.xib; name = DSGameActionTableViewController.xib; path = GameActionMenu/DSGameActionTableViewController.xib; sourceTree = "<group>"; };
		E949B767185183BE003CD01C /* DSGameActionItemViewController.h */ = {isa = PBXFileReference; fileEncoding = 4; lastKnownFileType = sourcecode.c.h; name = DSGameActionItemViewController.h; path = GameActionMenu/DSGameActionItemViewController.h; sourceTree = "<group>"; };
		E949B768185183BE003CD01C /* DSGameActionItemViewController.m */ = {isa = PBXFileReference; fileEncoding = 4; lastKnownFileType = sourcecode.c.objc; name = DSGameActionItemViewController.m; path = GameActionMenu/DSGameActionItemViewController.m; sourceTree = "<group>"; };
		E949B769185183BE003CD01C /* DSGameActionItemViewController.xib */ = {isa = PBXFileReference; fileEncoding = 4; lastKnownFileType = file.xib; name = DSGameActionItemViewController.xib; path = GameActionMenu/DSGameActionItemViewController.xib; sourceTree = "<group>"; };
		E95303651876650E00F30AC8 /* DSAppSkinnerViewController.h */ = {isa = PBXFileReference; fileEncoding = 4; lastKnownFileType = sourcecode.c.h; name = DSAppSkinnerViewController.h; path = Utilities/DSAppSkinnerViewController.h; sourceTree = "<group>"; };
		E95303661876650E00F30AC8 /* DSAppSkinnerViewController.m */ = {isa = PBXFileReference; fileEncoding = 4; lastKnownFileType = sourcecode.c.objc; name = DSAppSkinnerViewController.m; path = Utilities/DSAppSkinnerViewController.m; sourceTree = "<group>"; };
		E95303671876650E00F30AC8 /* DSAppSkinnerViewController.xib */ = {isa = PBXFileReference; fileEncoding = 4; lastKnownFileType = file.xib; name = DSAppSkinnerViewController.xib; path = Utilities/DSAppSkinnerViewController.xib; sourceTree = "<group>"; };
		E953038B187676F500F30AC8 /* UIColor+NEOColor.m */ = {isa = PBXFileReference; fileEncoding = 4; lastKnownFileType = sourcecode.c.objc; name = "UIColor+NEOColor.m"; path = "Vender/NEOColorPicker/UIColor+NEOColor.m"; sourceTree = "<group>"; };
		E953038C187676F500F30AC8 /* UIColor+NEOColor.h */ = {isa = PBXFileReference; fileEncoding = 4; lastKnownFileType = sourcecode.c.h; name = "UIColor+NEOColor.h"; path = "Vender/NEOColorPicker/UIColor+NEOColor.h"; sourceTree = "<group>"; };
		E953038D187676F500F30AC8 /* NEOColorPickerViewController.xib */ = {isa = PBXFileReference; fileEncoding = 4; lastKnownFileType = file.xib; name = NEOColorPickerViewController.xib; path = Vender/NEOColorPicker/NEOColorPickerViewController.xib; sourceTree = "<group>"; };
		E953038E187676F500F30AC8 /* NEOColorPickerViewController.m */ = {isa = PBXFileReference; fileEncoding = 4; lastKnownFileType = sourcecode.c.objc; name = NEOColorPickerViewController.m; path = Vender/NEOColorPicker/NEOColorPickerViewController.m; sourceTree = "<group>"; };
		E953038F187676F500F30AC8 /* NEOColorPickerViewController.h */ = {isa = PBXFileReference; fileEncoding = 4; lastKnownFileType = sourcecode.c.h; name = NEOColorPickerViewController.h; path = Vender/NEOColorPicker/NEOColorPickerViewController.h; sourceTree = "<group>"; };
		E9530390187676F500F30AC8 /* NEOColorPickerHueGridViewController.xib */ = {isa = PBXFileReference; fileEncoding = 4; lastKnownFileType = file.xib; name = NEOColorPickerHueGridViewController.xib; path = Vender/NEOColorPicker/NEOColorPickerHueGridViewController.xib; sourceTree = "<group>"; };
		E9530391187676F500F30AC8 /* NEOColorPickerHueGridViewController.m */ = {isa = PBXFileReference; fileEncoding = 4; lastKnownFileType = sourcecode.c.objc; name = NEOColorPickerHueGridViewController.m; path = Vender/NEOColorPicker/NEOColorPickerHueGridViewController.m; sourceTree = "<group>"; };
		E9530392187676F500F30AC8 /* NEOColorPickerHueGridViewController.h */ = {isa = PBXFileReference; fileEncoding = 4; lastKnownFileType = sourcecode.c.h; name = NEOColorPickerHueGridViewController.h; path = Vender/NEOColorPicker/NEOColorPickerHueGridViewController.h; sourceTree = "<group>"; };
		E9530393187676F500F30AC8 /* NEOColorPickerHSLViewController.xib */ = {isa = PBXFileReference; fileEncoding = 4; lastKnownFileType = file.xib; name = NEOColorPickerHSLViewController.xib; path = Vender/NEOColorPicker/NEOColorPickerHSLViewController.xib; sourceTree = "<group>"; };
		E9530394187676F500F30AC8 /* NEOColorPickerHSLViewController.m */ = {isa = PBXFileReference; fileEncoding = 4; lastKnownFileType = sourcecode.c.objc; name = NEOColorPickerHSLViewController.m; path = Vender/NEOColorPicker/NEOColorPickerHSLViewController.m; sourceTree = "<group>"; };
		E9530395187676F500F30AC8 /* NEOColorPickerHSLViewController.h */ = {isa = PBXFileReference; fileEncoding = 4; lastKnownFileType = sourcecode.c.h; name = NEOColorPickerHSLViewController.h; path = Vender/NEOColorPicker/NEOColorPickerHSLViewController.h; sourceTree = "<group>"; };
		E9530396187676F500F30AC8 /* NEOColorPickerGradientView.m */ = {isa = PBXFileReference; fileEncoding = 4; lastKnownFileType = sourcecode.c.objc; name = NEOColorPickerGradientView.m; path = Vender/NEOColorPicker/NEOColorPickerGradientView.m; sourceTree = "<group>"; };
		E9530397187676F500F30AC8 /* NEOColorPickerGradientView.h */ = {isa = PBXFileReference; fileEncoding = 4; lastKnownFileType = sourcecode.c.h; name = NEOColorPickerGradientView.h; path = Vender/NEOColorPicker/NEOColorPickerGradientView.h; sourceTree = "<group>"; };
		E9530398187676F500F30AC8 /* NEOColorPickerFavoritesViewController.xib */ = {isa = PBXFileReference; fileEncoding = 4; lastKnownFileType = file.xib; name = NEOColorPickerFavoritesViewController.xib; path = Vender/NEOColorPicker/NEOColorPickerFavoritesViewController.xib; sourceTree = "<group>"; };
		E9530399187676F500F30AC8 /* NEOColorPickerFavoritesViewController.m */ = {isa = PBXFileReference; fileEncoding = 4; lastKnownFileType = sourcecode.c.objc; name = NEOColorPickerFavoritesViewController.m; path = Vender/NEOColorPicker/NEOColorPickerFavoritesViewController.m; sourceTree = "<group>"; };
		E953039A187676F500F30AC8 /* NEOColorPickerFavoritesViewController.h */ = {isa = PBXFileReference; fileEncoding = 4; lastKnownFileType = sourcecode.c.h; name = NEOColorPickerFavoritesViewController.h; path = Vender/NEOColorPicker/NEOColorPickerFavoritesViewController.h; sourceTree = "<group>"; };
		E953039B187676F500F30AC8 /* NEOColorPickerBaseViewController.m */ = {isa = PBXFileReference; fileEncoding = 4; lastKnownFileType = sourcecode.c.objc; name = NEOColorPickerBaseViewController.m; path = Vender/NEOColorPicker/NEOColorPickerBaseViewController.m; sourceTree = "<group>"; };
		E953039C187676F500F30AC8 /* NEOColorPickerBaseViewController.h */ = {isa = PBXFileReference; fileEncoding = 4; lastKnownFileType = sourcecode.c.h; name = NEOColorPickerBaseViewController.h; path = Vender/NEOColorPicker/NEOColorPickerBaseViewController.h; sourceTree = "<group>"; };
		E953039D187676F500F30AC8 /* colorPicker.bundle */ = {isa = PBXFileReference; lastKnownFileType = "wrapper.plug-in"; name = colorPicker.bundle; path = Vender/NEOColorPicker/colorPicker.bundle; sourceTree = "<group>"; };
		E9541FB8187CEC8F006AF072 /* DSAssetGenerator.h */ = {isa = PBXFileReference; fileEncoding = 4; lastKnownFileType = sourcecode.c.h; name = DSAssetGenerator.h; path = AssetGenerator/DSAssetGenerator.h; sourceTree = "<group>"; };
		E9541FB9187CEC8F006AF072 /* DSAssetGenerator.m */ = {isa = PBXFileReference; fileEncoding = 4; lastKnownFileType = sourcecode.c.objc; name = DSAssetGenerator.m; path = AssetGenerator/DSAssetGenerator.m; sourceTree = "<group>"; };
		E96CF998185007DC00032DFF /* DSScoreCollectionView.xib */ = {isa = PBXFileReference; fileEncoding = 4; lastKnownFileType = file.xib; name = DSScoreCollectionView.xib; path = ScoreBoard/DSScoreCollectionView.xib; sourceTree = "<group>"; };
		E96CF9AF1850322E00032DFF /* DSScoreCollectionView.m */ = {isa = PBXFileReference; fileEncoding = 4; lastKnownFileType = sourcecode.c.objc; name = DSScoreCollectionView.m; path = ScoreBoard/DSScoreCollectionView.m; sourceTree = "<group>"; };
		E96CF9B01850322E00032DFF /* DSScoreCollectionView.h */ = {isa = PBXFileReference; fileEncoding = 4; lastKnownFileType = sourcecode.c.h; name = DSScoreCollectionView.h; path = ScoreBoard/DSScoreCollectionView.h; sourceTree = "<group>"; };
		E96CF9B21850326800032DFF /* DSScoreCollectionViewLandscape.xib */ = {isa = PBXFileReference; fileEncoding = 4; lastKnownFileType = file.xib; name = DSScoreCollectionViewLandscape.xib; path = ScoreBoard/DSScoreCollectionViewLandscape.xib; sourceTree = "<group>"; };
		E98D954018494A0900A02273 /* DSNewGameViewController.h */ = {isa = PBXFileReference; fileEncoding = 4; lastKnownFileType = sourcecode.c.h; name = DSNewGameViewController.h; path = NewGame/DSNewGameViewController.h; sourceTree = "<group>"; };
		E98D954118494A0900A02273 /* DSNewGameViewController.m */ = {isa = PBXFileReference; fileEncoding = 4; lastKnownFileType = sourcecode.c.objc; name = DSNewGameViewController.m; path = NewGame/DSNewGameViewController.m; sourceTree = "<group>"; };
		E9A5CC21184BD49600619D7D /* DSNewPlayerCollectionViewCell.h */ = {isa = PBXFileReference; fileEncoding = 4; lastKnownFileType = sourcecode.c.h; name = DSNewPlayerCollectionViewCell.h; path = NewGame/DSNewPlayerCollectionViewCell.h; sourceTree = "<group>"; };
		E9A5CC22184BD49600619D7D /* DSNewPlayerCollectionViewCell.m */ = {isa = PBXFileReference; fileEncoding = 4; lastKnownFileType = sourcecode.c.objc; name = DSNewPlayerCollectionViewCell.m; path = NewGame/DSNewPlayerCollectionViewCell.m; sourceTree = "<group>"; };
		E9A5CC24184BF08500619D7D /* DSNewPlayerCollectionViewCell.xib */ = {isa = PBXFileReference; fileEncoding = 4; lastKnownFileType = file.xib; name = DSNewPlayerCollectionViewCell.xib; path = NewGame/DSNewPlayerCollectionViewCell.xib; sourceTree = "<group>"; };
		E9C9D51518493E790085BC43 /* DartScoreBoard.app */ = {isa = PBXFileReference; explicitFileType = wrapper.application; includeInIndex = 0; path = DartScoreBoard.app; sourceTree = BUILT_PRODUCTS_DIR; };
		E9C9D51818493E790085BC43 /* Foundation.framework */ = {isa = PBXFileReference; lastKnownFileType = wrapper.framework; name = Foundation.framework; path = System/Library/Frameworks/Foundation.framework; sourceTree = SDKROOT; };
		E9C9D51A18493E790085BC43 /* CoreGraphics.framework */ = {isa = PBXFileReference; lastKnownFileType = wrapper.framework; name = CoreGraphics.framework; path = System/Library/Frameworks/CoreGraphics.framework; sourceTree = SDKROOT; };
		E9C9D51C18493E790085BC43 /* UIKit.framework */ = {isa = PBXFileReference; lastKnownFileType = wrapper.framework; name = UIKit.framework; path = System/Library/Frameworks/UIKit.framework; sourceTree = SDKROOT; };
		E9C9D52018493E790085BC43 /* DartScoreBoard-Info.plist */ = {isa = PBXFileReference; lastKnownFileType = text.plist.xml; path = "DartScoreBoard-Info.plist"; sourceTree = "<group>"; };
		E9C9D52218493E790085BC43 /* en */ = {isa = PBXFileReference; lastKnownFileType = text.plist.strings; name = en; path = en.lproj/InfoPlist.strings; sourceTree = "<group>"; };
		E9C9D52418493E790085BC43 /* main.m */ = {isa = PBXFileReference; lastKnownFileType = sourcecode.c.objc; path = main.m; sourceTree = "<group>"; };
		E9C9D52618493E790085BC43 /* DartScoreBoard-Prefix.pch */ = {isa = PBXFileReference; lastKnownFileType = sourcecode.c.h; path = "DartScoreBoard-Prefix.pch"; sourceTree = "<group>"; };
		E9C9D52718493E790085BC43 /* DSAppDelegate.h */ = {isa = PBXFileReference; lastKnownFileType = sourcecode.c.h; path = DSAppDelegate.h; sourceTree = "<group>"; };
		E9C9D52818493E790085BC43 /* DSAppDelegate.m */ = {isa = PBXFileReference; lastKnownFileType = sourcecode.c.objc; path = DSAppDelegate.m; sourceTree = "<group>"; };
		E9C9D52B18493E790085BC43 /* Base */ = {isa = PBXFileReference; lastKnownFileType = file.storyboard; name = Base; path = Base.lproj/Main_iPhone.storyboard; sourceTree = "<group>"; };
		E9C9D52E18493E790085BC43 /* Base */ = {isa = PBXFileReference; lastKnownFileType = file.storyboard; name = Base; path = Base.lproj/Main_iPad.storyboard; sourceTree = "<group>"; };
		E9C9D53318493E790085BC43 /* Images.xcassets */ = {isa = PBXFileReference; lastKnownFileType = folder.assetcatalog; path = Images.xcassets; sourceTree = "<group>"; };
		E9C9D53918493E790085BC43 /* DartScoreBoardTests.xctest */ = {isa = PBXFileReference; explicitFileType = wrapper.cfbundle; includeInIndex = 0; path = DartScoreBoardTests.xctest; sourceTree = BUILT_PRODUCTS_DIR; };
		E9C9D53A18493E790085BC43 /* XCTest.framework */ = {isa = PBXFileReference; lastKnownFileType = wrapper.framework; name = XCTest.framework; path = Library/Frameworks/XCTest.framework; sourceTree = DEVELOPER_DIR; };
		E9C9D54218493E790085BC43 /* DartScoreBoardTests-Info.plist */ = {isa = PBXFileReference; lastKnownFileType = text.plist.xml; path = "DartScoreBoardTests-Info.plist"; sourceTree = "<group>"; };
		E9C9D54418493E790085BC43 /* en */ = {isa = PBXFileReference; lastKnownFileType = text.plist.strings; name = en; path = en.lproj/InfoPlist.strings; sourceTree = "<group>"; };
		E9C9D54618493E790085BC43 /* DartScoreBoardTests.m */ = {isa = PBXFileReference; lastKnownFileType = sourcecode.c.objc; path = DartScoreBoardTests.m; sourceTree = "<group>"; };
		E9C9D551184941C60085BC43 /* DSScoreBoardCollectionViewController.h */ = {isa = PBXFileReference; fileEncoding = 4; lastKnownFileType = sourcecode.c.h; name = DSScoreBoardCollectionViewController.h; path = ScoreBoard/DSScoreBoardCollectionViewController.h; sourceTree = "<group>"; };
		E9C9D552184941C60085BC43 /* DSScoreBoardCollectionViewController.m */ = {isa = PBXFileReference; fileEncoding = 4; lastKnownFileType = sourcecode.c.objc; name = DSScoreBoardCollectionViewController.m; path = ScoreBoard/DSScoreBoardCollectionViewController.m; sourceTree = "<group>"; };
		E9C9D555184942930085BC43 /* DSPlayer.h */ = {isa = PBXFileReference; fileEncoding = 4; lastKnownFileType = sourcecode.c.h; name = DSPlayer.h; path = Model/DSPlayer.h; sourceTree = "<group>"; };
		E9C9D556184942930085BC43 /* DSPlayer.m */ = {isa = PBXFileReference; fileEncoding = 4; lastKnownFileType = sourcecode.c.objc; name = DSPlayer.m; path = Model/DSPlayer.m; sourceTree = "<group>"; };
		E9C9D5581849429D0085BC43 /* DSGame.h */ = {isa = PBXFileReference; fileEncoding = 4; lastKnownFileType = sourcecode.c.h; name = DSGame.h; path = Model/DSGame.h; sourceTree = "<group>"; };
		E9C9D5591849429D0085BC43 /* DSGame.m */ = {isa = PBXFileReference; fileEncoding = 4; lastKnownFileType = sourcecode.c.objc; name = DSGame.m; path = Model/DSGame.m; sourceTree = "<group>"; };
		E9C9D55B184944370085BC43 /* DSScoreBoardCollectionViewCell.h */ = {isa = PBXFileReference; fileEncoding = 4; lastKnownFileType = sourcecode.c.h; name = DSScoreBoardCollectionViewCell.h; path = ScoreBoard/DSScoreBoardCollectionViewCell.h; sourceTree = "<group>"; };
		E9C9D55C184944370085BC43 /* DSScoreBoardCollectionViewCell.m */ = {isa = PBXFileReference; fileEncoding = 4; lastKnownFileType = sourcecode.c.objc; name = DSScoreBoardCollectionViewCell.m; path = ScoreBoard/DSScoreBoardCollectionViewCell.m; sourceTree = "<group>"; };
		E9C9D55E184944450085BC43 /* DSScoreBoardCollectionViewCell.xib */ = {isa = PBXFileReference; fileEncoding = 4; lastKnownFileType = file.xib; name = DSScoreBoardCollectionViewCell.xib; path = ScoreBoard/DSScoreBoardCollectionViewCell.xib; sourceTree = "<group>"; };
		E9ED53DF186BFDFA00AA39FE /* UIColor+HexSupport.h */ = {isa = PBXFileReference; fileEncoding = 4; lastKnownFileType = sourcecode.c.h; name = "UIColor+HexSupport.h"; path = "Utilities/UIColor+HexSupport.h"; sourceTree = "<group>"; };
		E9ED53E0186BFDFA00AA39FE /* UIColor+HexSupport.m */ = {isa = PBXFileReference; fileEncoding = 4; lastKnownFileType = sourcecode.c.objc; name = "UIColor+HexSupport.m"; path = "Utilities/UIColor+HexSupport.m"; sourceTree = "<group>"; };
		ED378D2C184A4EC500B762A0 /* CricketScoreValueList.plist */ = {isa = PBXFileReference; fileEncoding = 4; lastKnownFileType = text.plist.xml; path = CricketScoreValueList.plist; sourceTree = "<group>"; };
		EDF5104F187CE1DF001CAF14 /* DSHelper.h */ = {isa = PBXFileReference; fileEncoding = 4; lastKnownFileType = sourcecode.c.h; path = DSHelper.h; sourceTree = "<group>"; };
		EDF51050187CE1DF001CAF14 /* DSHelper.m */ = {isa = PBXFileReference; fileEncoding = 4; lastKnownFileType = sourcecode.c.objc; path = DSHelper.m; sourceTree = "<group>"; };
/* End PBXFileReference section */

/* Begin PBXFrameworksBuildPhase section */
		E9C9D51218493E790085BC43 /* Frameworks */ = {
			isa = PBXFrameworksBuildPhase;
			buildActionMask = 2147483647;
			files = (
				E9C9D51B18493E790085BC43 /* CoreGraphics.framework in Frameworks */,
				E9C9D51D18493E790085BC43 /* UIKit.framework in Frameworks */,
				E9C9D51918493E790085BC43 /* Foundation.framework in Frameworks */,
			);
			runOnlyForDeploymentPostprocessing = 0;
		};
		E9C9D53618493E790085BC43 /* Frameworks */ = {
			isa = PBXFrameworksBuildPhase;
			buildActionMask = 2147483647;
			files = (
				E9C9D53B18493E790085BC43 /* XCTest.framework in Frameworks */,
				E9C9D53D18493E790085BC43 /* UIKit.framework in Frameworks */,
				E9C9D53C18493E790085BC43 /* Foundation.framework in Frameworks */,
			);
			runOnlyForDeploymentPostprocessing = 0;
		};
/* End PBXFrameworksBuildPhase section */

/* Begin PBXGroup section */
		E911734A186CEA6F006351AA /* AssetGenerator */ = {
			isa = PBXGroup;
			children = (
				E9541FB8187CEC8F006AF072 /* DSAssetGenerator.h */,
				E9541FB9187CEC8F006AF072 /* DSAssetGenerator.m */,
			);
			name = AssetGenerator;
			sourceTree = "<group>";
		};
		E949B75C185181D1003CD01C /* GameActionMenu */ = {
			isa = PBXGroup;
			children = (
				E949B7621851837B003CD01C /* DSGameActionTableViewController.h */,
				E949B7631851837B003CD01C /* DSGameActionTableViewController.m */,
				E949B7641851837B003CD01C /* DSGameActionTableViewController.xib */,
				E949B767185183BE003CD01C /* DSGameActionItemViewController.h */,
				E949B768185183BE003CD01C /* DSGameActionItemViewController.m */,
				E949B769185183BE003CD01C /* DSGameActionItemViewController.xib */,
			);
			name = GameActionMenu;
			sourceTree = "<group>";
		};
		E953036A1876766100F30AC8 /* Vendor */ = {
			isa = PBXGroup;
			children = (
				E953036B1876766600F30AC8 /* NEOColorPicker */,
			);
			name = Vendor;
			sourceTree = "<group>";
		};
		E953036B1876766600F30AC8 /* NEOColorPicker */ = {
			isa = PBXGroup;
			children = (
				E953038B187676F500F30AC8 /* UIColor+NEOColor.m */,
				E953038C187676F500F30AC8 /* UIColor+NEOColor.h */,
				E953038D187676F500F30AC8 /* NEOColorPickerViewController.xib */,
				E953038E187676F500F30AC8 /* NEOColorPickerViewController.m */,
				E953038F187676F500F30AC8 /* NEOColorPickerViewController.h */,
				E9530390187676F500F30AC8 /* NEOColorPickerHueGridViewController.xib */,
				E9530391187676F500F30AC8 /* NEOColorPickerHueGridViewController.m */,
				E9530392187676F500F30AC8 /* NEOColorPickerHueGridViewController.h */,
				E9530393187676F500F30AC8 /* NEOColorPickerHSLViewController.xib */,
				E9530394187676F500F30AC8 /* NEOColorPickerHSLViewController.m */,
				E9530395187676F500F30AC8 /* NEOColorPickerHSLViewController.h */,
				E9530396187676F500F30AC8 /* NEOColorPickerGradientView.m */,
				E9530397187676F500F30AC8 /* NEOColorPickerGradientView.h */,
				E9530398187676F500F30AC8 /* NEOColorPickerFavoritesViewController.xib */,
				E9530399187676F500F30AC8 /* NEOColorPickerFavoritesViewController.m */,
				E953039A187676F500F30AC8 /* NEOColorPickerFavoritesViewController.h */,
				E953039B187676F500F30AC8 /* NEOColorPickerBaseViewController.m */,
				E953039C187676F500F30AC8 /* NEOColorPickerBaseViewController.h */,
				E953039D187676F500F30AC8 /* colorPicker.bundle */,
			);
			name = NEOColorPicker;
			sourceTree = "<group>";
		};
		E98D953F184949C300A02273 /* NewGame */ = {
			isa = PBXGroup;
			children = (
				E98D954018494A0900A02273 /* DSNewGameViewController.h */,
				E98D954118494A0900A02273 /* DSNewGameViewController.m */,
				E9117320186CA7EF006351AA /* DSNewGameViewController.xib */,
				E9A5CC21184BD49600619D7D /* DSNewPlayerCollectionViewCell.h */,
				E9A5CC22184BD49600619D7D /* DSNewPlayerCollectionViewCell.m */,
				E9A5CC24184BF08500619D7D /* DSNewPlayerCollectionViewCell.xib */,
			);
			name = NewGame;
			sourceTree = "<group>";
		};
		E9C9D50C18493E780085BC43 = {
			isa = PBXGroup;
			children = (
				E9C9D51E18493E790085BC43 /* DartScoreBoard */,
				E9C9D54018493E790085BC43 /* DartScoreBoardTests */,
				E9C9D51718493E790085BC43 /* Frameworks */,
				E9C9D51618493E790085BC43 /* Products */,
			);
			sourceTree = "<group>";
		};
		E9C9D51618493E790085BC43 /* Products */ = {
			isa = PBXGroup;
			children = (
				E9C9D51518493E790085BC43 /* DartScoreBoard.app */,
				E9C9D53918493E790085BC43 /* DartScoreBoardTests.xctest */,
			);
			name = Products;
			sourceTree = "<group>";
		};
		E9C9D51718493E790085BC43 /* Frameworks */ = {
			isa = PBXGroup;
			children = (
				E9C9D51818493E790085BC43 /* Foundation.framework */,
				E9C9D51A18493E790085BC43 /* CoreGraphics.framework */,
				E9C9D51C18493E790085BC43 /* UIKit.framework */,
				E9C9D53A18493E790085BC43 /* XCTest.framework */,
			);
			name = Frameworks;
			sourceTree = "<group>";
		};
		E9C9D51E18493E790085BC43 /* DartScoreBoard */ = {
			isa = PBXGroup;
			children = (
				E911734A186CEA6F006351AA /* AssetGenerator */,
				E9ED53DB186BF30800AA39FE /* Utilities */,
				E949B75C185181D1003CD01C /* GameActionMenu */,
				E98D953F184949C300A02273 /* NewGame */,
				E9C9D554184942580085BC43 /* Model */,
				E9C9D550184941A00085BC43 /* ScoreBoard */,
				E953036A1876766100F30AC8 /* Vendor */,
				E9C9D52718493E790085BC43 /* DSAppDelegate.h */,
				E9C9D52818493E790085BC43 /* DSAppDelegate.m */,
				E9C9D52A18493E790085BC43 /* Main_iPhone.storyboard */,
				E9C9D52D18493E790085BC43 /* Main_iPad.storyboard */,
				E9C9D53318493E790085BC43 /* Images.xcassets */,
				E9C9D51F18493E790085BC43 /* Supporting Files */,
			);
			path = DartScoreBoard;
			sourceTree = "<group>";
		};
		E9C9D51F18493E790085BC43 /* Supporting Files */ = {
			isa = PBXGroup;
			children = (
				E9F6EFFC184965E300A16A44 /* Assets */,
				E9C9D52018493E790085BC43 /* DartScoreBoard-Info.plist */,
				E9C9D52118493E790085BC43 /* InfoPlist.strings */,
				E9C9D52418493E790085BC43 /* main.m */,
				E9C9D52618493E790085BC43 /* DartScoreBoard-Prefix.pch */,
			);
			name = "Supporting Files";
			sourceTree = "<group>";
		};
		E9C9D54018493E790085BC43 /* DartScoreBoardTests */ = {
			isa = PBXGroup;
			children = (
				E9C9D54618493E790085BC43 /* DartScoreBoardTests.m */,
				E9C9D54118493E790085BC43 /* Supporting Files */,
			);
			path = DartScoreBoardTests;
			sourceTree = "<group>";
		};
		E9C9D54118493E790085BC43 /* Supporting Files */ = {
			isa = PBXGroup;
			children = (
				E9C9D54218493E790085BC43 /* DartScoreBoardTests-Info.plist */,
				E9C9D54318493E790085BC43 /* InfoPlist.strings */,
			);
			name = "Supporting Files";
			sourceTree = "<group>";
		};
		E9C9D550184941A00085BC43 /* ScoreBoard */ = {
			isa = PBXGroup;
			children = (
				E9C9D551184941C60085BC43 /* DSScoreBoardCollectionViewController.h */,
				E9C9D552184941C60085BC43 /* DSScoreBoardCollectionViewController.m */,
				E9C9D55B184944370085BC43 /* DSScoreBoardCollectionViewCell.h */,
				E9C9D55C184944370085BC43 /* DSScoreBoardCollectionViewCell.m */,
				E9C9D55E184944450085BC43 /* DSScoreBoardCollectionViewCell.xib */,
				E92C414918495949001CA645 /* DSPlayerScoreValueTableViewCell.h */,
				E92C414A18495949001CA645 /* DSPlayerScoreValueTableViewCell.m */,
				E92C414C18495965001CA645 /* DSPlayerScoreValueTableViewCell.xib */,
				E96CF9B01850322E00032DFF /* DSScoreCollectionView.h */,
				E96CF9AF1850322E00032DFF /* DSScoreCollectionView.m */,
				E96CF998185007DC00032DFF /* DSScoreCollectionView.xib */,
				E96CF9B21850326800032DFF /* DSScoreCollectionViewLandscape.xib */,
			);
			name = ScoreBoard;
			sourceTree = "<group>";
		};
		E9C9D554184942580085BC43 /* Model */ = {
			isa = PBXGroup;
			children = (
				E9C9D555184942930085BC43 /* DSPlayer.h */,
				E9C9D556184942930085BC43 /* DSPlayer.m */,
				E9C9D5581849429D0085BC43 /* DSGame.h */,
				E9C9D5591849429D0085BC43 /* DSGame.m */,
				ED378D2C184A4EC500B762A0 /* CricketScoreValueList.plist */,
			);
			name = Model;
			sourceTree = "<group>";
		};
		E9E8C18C18526752002DD5C3 /* Icon */ = {
			isa = PBXGroup;
			children = (
				E9117322186CA80B006351AA /* spotlight-icon@2x.png */,
				E9117323186CA80B006351AA /* spotlight-icon.png */,
				E9117324186CA80B006351AA /* settings-icon@2x.png */,
				E9117325186CA80B006351AA /* settings-icon.png */,
				E9117326186CA80B006351AA /* Icon-76@2x.png */,
				E9117327186CA80B006351AA /* icon-76.png */,
			);
			name = Icon;
			sourceTree = "<group>";
		};
		E9ED53DB186BF30800AA39FE /* Utilities */ = {
			isa = PBXGroup;
			children = (
				EDF5104F187CE1DF001CAF14 /* DSHelper.h */,
				EDF51050187CE1DF001CAF14 /* DSHelper.m */,
				E9ED53DF186BFDFA00AA39FE /* UIColor+HexSupport.h */,
				E9ED53E0186BFDFA00AA39FE /* UIColor+HexSupport.m */,
				E911731D186CA71D006351AA /* DSAppSkinner.h */,
				E911731E186CA71D006351AA /* DSAppSkinner.m */,
				E95303651876650E00F30AC8 /* DSAppSkinnerViewController.h */,
				E95303661876650E00F30AC8 /* DSAppSkinnerViewController.m */,
				E95303671876650E00F30AC8 /* DSAppSkinnerViewController.xib */,
			);
			name = Utilities;
			sourceTree = "<group>";
		};
		E9F6EFFC184965E300A16A44 /* Assets */ = {
			isa = PBXGroup;
			children = (
				E9E8C18C18526752002DD5C3 /* Icon */,
				ED176F3A184ADC0400EEEFE7 /* ScoreBoard */,
				E9F6EFFD184965EB00A16A44 /* NewGame */,
			);
			name = Assets;
			sourceTree = "<group>";
		};
		E9F6EFFD184965EB00A16A44 /* NewGame */ = {
			isa = PBXGroup;
			children = (
			);
			name = NewGame;
			sourceTree = "<group>";
		};
		ED176F3A184ADC0400EEEFE7 /* ScoreBoard */ = {
			isa = PBXGroup;
			children = (
			);
			name = ScoreBoard;
			sourceTree = "<group>";
		};
/* End PBXGroup section */

/* Begin PBXNativeTarget section */
		E9C9D51418493E790085BC43 /* DartScoreBoard */ = {
			isa = PBXNativeTarget;
			buildConfigurationList = E9C9D54A18493E790085BC43 /* Build configuration list for PBXNativeTarget "DartScoreBoard" */;
			buildPhases = (
				E9C9D51118493E790085BC43 /* Sources */,
				E9C9D51218493E790085BC43 /* Frameworks */,
				E9C9D51318493E790085BC43 /* Resources */,
			);
			buildRules = (
			);
			dependencies = (
			);
			name = DartScoreBoard;
			productName = DartScoreBoard;
			productReference = E9C9D51518493E790085BC43 /* DartScoreBoard.app */;
			productType = "com.apple.product-type.application";
		};
		E9C9D53818493E790085BC43 /* DartScoreBoardTests */ = {
			isa = PBXNativeTarget;
			buildConfigurationList = E9C9D54D18493E790085BC43 /* Build configuration list for PBXNativeTarget "DartScoreBoardTests" */;
			buildPhases = (
				E9C9D53518493E790085BC43 /* Sources */,
				E9C9D53618493E790085BC43 /* Frameworks */,
				E9C9D53718493E790085BC43 /* Resources */,
			);
			buildRules = (
			);
			dependencies = (
				E9C9D53F18493E790085BC43 /* PBXTargetDependency */,
			);
			name = DartScoreBoardTests;
			productName = DartScoreBoardTests;
			productReference = E9C9D53918493E790085BC43 /* DartScoreBoardTests.xctest */;
			productType = "com.apple.product-type.bundle.unit-test";
		};
/* End PBXNativeTarget section */

/* Begin PBXProject section */
		E9C9D50D18493E780085BC43 /* Project object */ = {
			isa = PBXProject;
			attributes = {
				CLASSPREFIX = DS;
				LastUpgradeCheck = 0500;
				ORGANIZATIONNAME = Zheike;
				TargetAttributes = {
					E9C9D51418493E790085BC43 = {
						DevelopmentTeam = Z2FNFL3X73;
					};
					E9C9D53818493E790085BC43 = {
						TestTargetID = E9C9D51418493E790085BC43;
					};
				};
			};
			buildConfigurationList = E9C9D51018493E790085BC43 /* Build configuration list for PBXProject "DartScoreBoard" */;
			compatibilityVersion = "Xcode 3.2";
			developmentRegion = English;
			hasScannedForEncodings = 0;
			knownRegions = (
				en,
				Base,
			);
			mainGroup = E9C9D50C18493E780085BC43;
			productRefGroup = E9C9D51618493E790085BC43 /* Products */;
			projectDirPath = "";
			projectRoot = "";
			targets = (
				E9C9D51418493E790085BC43 /* DartScoreBoard */,
				E9C9D53818493E790085BC43 /* DartScoreBoardTests */,
			);
		};
/* End PBXProject section */

/* Begin PBXResourcesBuildPhase section */
		E9C9D51318493E790085BC43 /* Resources */ = {
			isa = PBXResourcesBuildPhase;
			buildActionMask = 2147483647;
			files = (
				E9117329186CA80B006351AA /* spotlight-icon.png in Resources */,
				E953039F187676F500F30AC8 /* NEOColorPickerViewController.xib in Resources */,
				E95303A3187676F500F30AC8 /* NEOColorPickerHSLViewController.xib in Resources */,
				E95303A9187676F500F30AC8 /* colorPicker.bundle in Resources */,
				E911732C186CA80B006351AA /* Icon-76@2x.png in Resources */,
				E9C9D52F18493E790085BC43 /* Main_iPad.storyboard in Resources */,
				E949B7661851837B003CD01C /* DSGameActionTableViewController.xib in Resources */,
				E95303691876650E00F30AC8 /* DSAppSkinnerViewController.xib in Resources */,
				E96CF999185007DC00032DFF /* DSScoreCollectionView.xib in Resources */,
				E9117321186CA7EF006351AA /* DSNewGameViewController.xib in Resources */,
				E95303A1187676F500F30AC8 /* NEOColorPickerHueGridViewController.xib in Resources */,
				E96CF9B31850326800032DFF /* DSScoreCollectionViewLandscape.xib in Resources */,
				E95303A6187676F500F30AC8 /* NEOColorPickerFavoritesViewController.xib in Resources */,
				E9A5CC25184BF08500619D7D /* DSNewPlayerCollectionViewCell.xib in Resources */,
				E949B76B185183BE003CD01C /* DSGameActionItemViewController.xib in Resources */,
				E9C9D55F184944450085BC43 /* DSScoreBoardCollectionViewCell.xib in Resources */,
				E911732B186CA80B006351AA /* settings-icon.png in Resources */,
				E92C414D18495965001CA645 /* DSPlayerScoreValueTableViewCell.xib in Resources */,
				E9C9D53418493E790085BC43 /* Images.xcassets in Resources */,
				E9117328186CA80B006351AA /* spotlight-icon@2x.png in Resources */,
				ED378D2D184A4EC500B762A0 /* CricketScoreValueList.plist in Resources */,
				E911732A186CA80B006351AA /* settings-icon@2x.png in Resources */,
				E9C9D52C18493E790085BC43 /* Main_iPhone.storyboard in Resources */,
				E9C9D52318493E790085BC43 /* InfoPlist.strings in Resources */,
				E911732D186CA80B006351AA /* icon-76.png in Resources */,
			);
			runOnlyForDeploymentPostprocessing = 0;
		};
		E9C9D53718493E790085BC43 /* Resources */ = {
			isa = PBXResourcesBuildPhase;
			buildActionMask = 2147483647;
			files = (
				E9C9D54518493E790085BC43 /* InfoPlist.strings in Resources */,
			);
			runOnlyForDeploymentPostprocessing = 0;
		};
/* End PBXResourcesBuildPhase section */

/* Begin PBXSourcesBuildPhase section */
		E9C9D51118493E790085BC43 /* Sources */ = {
			isa = PBXSourcesBuildPhase;
			buildActionMask = 2147483647;
			files = (
				E9C9D553184941C60085BC43 /* DSScoreBoardCollectionViewController.m in Sources */,
				E95303A0187676F500F30AC8 /* NEOColorPickerViewController.m in Sources */,
				E9C9D557184942930085BC43 /* DSPlayer.m in Sources */,
				E9C9D55D184944370085BC43 /* DSScoreBoardCollectionViewCell.m in Sources */,
				E9ED53E1186BFDFA00AA39FE /* UIColor+HexSupport.m in Sources */,
				E98D954318494A0900A02273 /* DSNewGameViewController.m in Sources */,
				E949B76A185183BE003CD01C /* DSGameActionItemViewController.m in Sources */,
				E96CF9B11850322E00032DFF /* DSScoreCollectionView.m in Sources */,
				E9C9D52518493E790085BC43 /* main.m in Sources */,
				E95303A8187676F500F30AC8 /* NEOColorPickerBaseViewController.m in Sources */,
				E95303681876650E00F30AC8 /* DSAppSkinnerViewController.m in Sources */,
				E949B7651851837B003CD01C /* DSGameActionTableViewController.m in Sources */,
				EDF51051187CE1DF001CAF14 /* DSHelper.m in Sources */,
				E953039E187676F500F30AC8 /* UIColor+NEOColor.m in Sources */,
				E95303A2187676F500F30AC8 /* NEOColorPickerHueGridViewController.m in Sources */,
				E92C414B18495949001CA645 /* DSPlayerScoreValueTableViewCell.m in Sources */,
				E95303A7187676F500F30AC8 /* NEOColorPickerFavoritesViewController.m in Sources */,
				E9C9D55A1849429D0085BC43 /* DSGame.m in Sources */,
				E911731F186CA71D006351AA /* DSAppSkinner.m in Sources */,
				E9C9D52918493E790085BC43 /* DSAppDelegate.m in Sources */,
				E9A5CC23184BD49600619D7D /* DSNewPlayerCollectionViewCell.m in Sources */,
				E95303A5187676F500F30AC8 /* NEOColorPickerGradientView.m in Sources */,
				E9541FBA187CEC8F006AF072 /* DSAssetGenerator.m in Sources */,
				E95303A4187676F500F30AC8 /* NEOColorPickerHSLViewController.m in Sources */,
			);
			runOnlyForDeploymentPostprocessing = 0;
		};
		E9C9D53518493E790085BC43 /* Sources */ = {
			isa = PBXSourcesBuildPhase;
			buildActionMask = 2147483647;
			files = (
				E9C9D54718493E790085BC43 /* DartScoreBoardTests.m in Sources */,
			);
			runOnlyForDeploymentPostprocessing = 0;
		};
/* End PBXSourcesBuildPhase section */

/* Begin PBXTargetDependency section */
		E9C9D53F18493E790085BC43 /* PBXTargetDependency */ = {
			isa = PBXTargetDependency;
			target = E9C9D51418493E790085BC43 /* DartScoreBoard */;
			targetProxy = E9C9D53E18493E790085BC43 /* PBXContainerItemProxy */;
		};
/* End PBXTargetDependency section */

/* Begin PBXVariantGroup section */
		E9C9D52118493E790085BC43 /* InfoPlist.strings */ = {
			isa = PBXVariantGroup;
			children = (
				E9C9D52218493E790085BC43 /* en */,
			);
			name = InfoPlist.strings;
			sourceTree = "<group>";
		};
		E9C9D52A18493E790085BC43 /* Main_iPhone.storyboard */ = {
			isa = PBXVariantGroup;
			children = (
				E9C9D52B18493E790085BC43 /* Base */,
			);
			name = Main_iPhone.storyboard;
			sourceTree = "<group>";
		};
		E9C9D52D18493E790085BC43 /* Main_iPad.storyboard */ = {
			isa = PBXVariantGroup;
			children = (
				E9C9D52E18493E790085BC43 /* Base */,
			);
			name = Main_iPad.storyboard;
			sourceTree = "<group>";
		};
		E9C9D54318493E790085BC43 /* InfoPlist.strings */ = {
			isa = PBXVariantGroup;
			children = (
				E9C9D54418493E790085BC43 /* en */,
			);
			name = InfoPlist.strings;
			sourceTree = "<group>";
		};
/* End PBXVariantGroup section */

/* Begin XCBuildConfiguration section */
		E9C9D54818493E790085BC43 /* Debug */ = {
			isa = XCBuildConfiguration;
			buildSettings = {
				ALWAYS_SEARCH_USER_PATHS = NO;
				ARCHS = "$(ARCHS_STANDARD_INCLUDING_64_BIT)";
				CLANG_CXX_LANGUAGE_STANDARD = "gnu++0x";
				CLANG_CXX_LIBRARY = "libc++";
				CLANG_ENABLE_MODULES = YES;
				CLANG_ENABLE_OBJC_ARC = YES;
				CLANG_WARN_BOOL_CONVERSION = YES;
				CLANG_WARN_CONSTANT_CONVERSION = YES;
				CLANG_WARN_DIRECT_OBJC_ISA_USAGE = YES_ERROR;
				CLANG_WARN_EMPTY_BODY = YES;
				CLANG_WARN_ENUM_CONVERSION = YES;
				CLANG_WARN_INT_CONVERSION = YES;
				CLANG_WARN_OBJC_ROOT_CLASS = YES_ERROR;
				CLANG_WARN__DUPLICATE_METHOD_MATCH = YES;
				"CODE_SIGN_IDENTITY[sdk=iphoneos*]" = "iPhone Developer";
				COPY_PHASE_STRIP = NO;
				GCC_C_LANGUAGE_STANDARD = gnu99;
				GCC_DYNAMIC_NO_PIC = NO;
				GCC_OPTIMIZATION_LEVEL = 0;
				GCC_PREPROCESSOR_DEFINITIONS = (
					"DEBUG=1",
					"$(inherited)",
				);
				GCC_SYMBOLS_PRIVATE_EXTERN = NO;
				GCC_WARN_64_TO_32_BIT_CONVERSION = YES;
				GCC_WARN_ABOUT_RETURN_TYPE = YES_ERROR;
				GCC_WARN_UNDECLARED_SELECTOR = YES;
				GCC_WARN_UNINITIALIZED_AUTOS = YES;
				GCC_WARN_UNUSED_FUNCTION = YES;
				GCC_WARN_UNUSED_VARIABLE = YES;
				IPHONEOS_DEPLOYMENT_TARGET = 7.0;
				ONLY_ACTIVE_ARCH = YES;
				SDKROOT = iphoneos;
				TARGETED_DEVICE_FAMILY = "1,2";
			};
			name = Debug;
		};
		E9C9D54918493E790085BC43 /* Release */ = {
			isa = XCBuildConfiguration;
			buildSettings = {
				ALWAYS_SEARCH_USER_PATHS = NO;
				ARCHS = "$(ARCHS_STANDARD_INCLUDING_64_BIT)";
				CLANG_CXX_LANGUAGE_STANDARD = "gnu++0x";
				CLANG_CXX_LIBRARY = "libc++";
				CLANG_ENABLE_MODULES = YES;
				CLANG_ENABLE_OBJC_ARC = YES;
				CLANG_WARN_BOOL_CONVERSION = YES;
				CLANG_WARN_CONSTANT_CONVERSION = YES;
				CLANG_WARN_DIRECT_OBJC_ISA_USAGE = YES_ERROR;
				CLANG_WARN_EMPTY_BODY = YES;
				CLANG_WARN_ENUM_CONVERSION = YES;
				CLANG_WARN_INT_CONVERSION = YES;
				CLANG_WARN_OBJC_ROOT_CLASS = YES_ERROR;
				CLANG_WARN__DUPLICATE_METHOD_MATCH = YES;
				"CODE_SIGN_IDENTITY[sdk=iphoneos*]" = "iPhone Developer";
				COPY_PHASE_STRIP = YES;
				ENABLE_NS_ASSERTIONS = NO;
				GCC_C_LANGUAGE_STANDARD = gnu99;
				GCC_WARN_64_TO_32_BIT_CONVERSION = YES;
				GCC_WARN_ABOUT_RETURN_TYPE = YES_ERROR;
				GCC_WARN_UNDECLARED_SELECTOR = YES;
				GCC_WARN_UNINITIALIZED_AUTOS = YES;
				GCC_WARN_UNUSED_FUNCTION = YES;
				GCC_WARN_UNUSED_VARIABLE = YES;
				IPHONEOS_DEPLOYMENT_TARGET = 7.0;
				SDKROOT = iphoneos;
				TARGETED_DEVICE_FAMILY = "1,2";
				VALIDATE_PRODUCT = YES;
			};
			name = Release;
		};
		E9C9D54B18493E790085BC43 /* Debug */ = {
			isa = XCBuildConfiguration;
			buildSettings = {
				ASSETCATALOG_COMPILER_LAUNCHIMAGE_NAME = LaunchImage;
				CODE_SIGN_IDENTITY = "iPhone Developer";
				"CODE_SIGN_IDENTITY[sdk=iphoneos*]" = "iPhone Developer";
				GCC_PRECOMPILE_PREFIX_HEADER = YES;
				GCC_PREFIX_HEADER = "DartScoreBoard/DartScoreBoard-Prefix.pch";
				GCC_WARN_64_TO_32_BIT_CONVERSION = NO;
				INFOPLIST_FILE = "DartScoreBoard/DartScoreBoard-Info.plist";
				IPHONEOS_DEPLOYMENT_TARGET = 7.0;
				PRODUCT_NAME = "$(TARGET_NAME)";
				PROVISIONING_PROFILE = "";
				WRAPPER_EXTENSION = app;
			};
			name = Debug;
		};
		E9C9D54C18493E790085BC43 /* Release */ = {
			isa = XCBuildConfiguration;
			buildSettings = {
				ASSETCATALOG_COMPILER_LAUNCHIMAGE_NAME = LaunchImage;
				CODE_SIGN_IDENTITY = "iPhone Developer";
				"CODE_SIGN_IDENTITY[sdk=iphoneos*]" = "iPhone Developer";
				GCC_PRECOMPILE_PREFIX_HEADER = YES;
				GCC_PREFIX_HEADER = "DartScoreBoard/DartScoreBoard-Prefix.pch";
				GCC_WARN_64_TO_32_BIT_CONVERSION = NO;
				INFOPLIST_FILE = "DartScoreBoard/DartScoreBoard-Info.plist";
				IPHONEOS_DEPLOYMENT_TARGET = 7.0;
				PRODUCT_NAME = "$(TARGET_NAME)";
				PROVISIONING_PROFILE = "";
				WRAPPER_EXTENSION = app;
			};
			name = Release;
		};
		E9C9D54E18493E790085BC43 /* Debug */ = {
			isa = XCBuildConfiguration;
			buildSettings = {
				ARCHS = "$(ARCHS_STANDARD_INCLUDING_64_BIT)";
				BUNDLE_LOADER = "$(BUILT_PRODUCTS_DIR)/DartScoreBoard.app/DartScoreBoard";
				FRAMEWORK_SEARCH_PATHS = (
					"$(SDKROOT)/Developer/Library/Frameworks",
					"$(inherited)",
					"$(DEVELOPER_FRAMEWORKS_DIR)",
				);
				GCC_PRECOMPILE_PREFIX_HEADER = YES;
				GCC_PREFIX_HEADER = "DartScoreBoard/DartScoreBoard-Prefix.pch";
				GCC_PREPROCESSOR_DEFINITIONS = (
					"DEBUG=1",
					"$(inherited)",
				);
				INFOPLIST_FILE = "DartScoreBoardTests/DartScoreBoardTests-Info.plist";
				PRODUCT_NAME = "$(TARGET_NAME)";
				TEST_HOST = "$(BUNDLE_LOADER)";
				WRAPPER_EXTENSION = xctest;
			};
			name = Debug;
		};
		E9C9D54F18493E790085BC43 /* Release */ = {
			isa = XCBuildConfiguration;
			buildSettings = {
				ARCHS = "$(ARCHS_STANDARD_INCLUDING_64_BIT)";
				BUNDLE_LOADER = "$(BUILT_PRODUCTS_DIR)/DartScoreBoard.app/DartScoreBoard";
				FRAMEWORK_SEARCH_PATHS = (
					"$(SDKROOT)/Developer/Library/Frameworks",
					"$(inherited)",
					"$(DEVELOPER_FRAMEWORKS_DIR)",
				);
				GCC_PRECOMPILE_PREFIX_HEADER = YES;
				GCC_PREFIX_HEADER = "DartScoreBoard/DartScoreBoard-Prefix.pch";
				INFOPLIST_FILE = "DartScoreBoardTests/DartScoreBoardTests-Info.plist";
				PRODUCT_NAME = "$(TARGET_NAME)";
				TEST_HOST = "$(BUNDLE_LOADER)";
				WRAPPER_EXTENSION = xctest;
			};
			name = Release;
		};
/* End XCBuildConfiguration section */

/* Begin XCConfigurationList section */
		E9C9D51018493E790085BC43 /* Build configuration list for PBXProject "DartScoreBoard" */ = {
			isa = XCConfigurationList;
			buildConfigurations = (
				E9C9D54818493E790085BC43 /* Debug */,
				E9C9D54918493E790085BC43 /* Release */,
			);
			defaultConfigurationIsVisible = 0;
			defaultConfigurationName = Release;
		};
		E9C9D54A18493E790085BC43 /* Build configuration list for PBXNativeTarget "DartScoreBoard" */ = {
			isa = XCConfigurationList;
			buildConfigurations = (
				E9C9D54B18493E790085BC43 /* Debug */,
				E9C9D54C18493E790085BC43 /* Release */,
			);
			defaultConfigurationIsVisible = 0;
			defaultConfigurationName = Release;
		};
		E9C9D54D18493E790085BC43 /* Build configuration list for PBXNativeTarget "DartScoreBoardTests" */ = {
			isa = XCConfigurationList;
			buildConfigurations = (
				E9C9D54E18493E790085BC43 /* Debug */,
				E9C9D54F18493E790085BC43 /* Release */,
			);
			defaultConfigurationIsVisible = 0;
			defaultConfigurationName = Release;
		};
/* End XCConfigurationList section */
	};
	rootObject = E9C9D50D18493E780085BC43 /* Project object */;
}
